{
  "originHash" : "c365a5f9b530f3e9124a5b33802216eb5780f0faf93f2f377ef57410eb23034f",
  "pins" : [
    {
      "identity" : "microsoft-authentication-library-for-objc",
      "kind" : "remoteSourceControl",
      "location" : "https://github.com/AzureAD/microsoft-authentication-library-for-objc",
      "state" : {
        "revision" : "5f1b06b7c937d81c8249145823b202f38409669b",
        "version" : "2.10.0"
      }
    },
    {
      "identity" : "ms-intune-app-sdk-ios",
      "kind" : "remoteSourceControl",
      "location" : "https://github.com/microsoftconnect/ms-intune-app-sdk-ios",
      "state" : {
        "revision" : "7299ef4e08e6dda755e713217bcce4077a276911",
        "version" : "21.5.1"
      }
    }
  ],
  "version" : 3
}
