// !$*UTF8*$!
{
	archiveVersion = 1;
	classes = {
	};
	objectVersion = 77;
	objects = {

/* Begin PBXBuildFile section */
		CE96DB172F8E9AB8000CA8EA /* IntuneMAMSwift in Frameworks */ = {isa = PBXBuildFile; productRef = CE96DB162F8E9AB8000CA8EA /* IntuneMAMSwift */; };
		CE96DB1A2F8E9B30000CA8EA /* MSAL in Frameworks */ = {isa = PBXBuildFile; productRef = CE96DB192F8E9B30000CA8EA /* MSAL */; };
/* End PBXBuildFile section */

/* Begin PBXContainerItemProxy section */
		CE96DAF92F8E9A8D000CA8EA /* PBXContainerItemProxy */ = {
			isa = PBXContainerItemProxy;
			containerPortal = CE96DAE32F8E9A8C000CA8EA /* Project object */;
			proxyType = 1;
			remoteGlobalIDString = CE96DAEA2F8E9A8C000CA8EA;
			remoteInfo = IntuneHelloWorld;
		};
		CE96DB032F8E9A8D000CA8EA /* PBXContainerItemProxy */ = {
			isa = PBXContainerItemProxy;
			containerPortal = CE96DAE32F8E9A8C000CA8EA /* Project object */;
			proxyType = 1;
			remoteGlobalIDString = CE96DAEA2F8E9A8C000CA8EA;
			remoteInfo = IntuneHelloWorld;
		};
/* End PBXContainerItemProxy section */

/* Begin PBXFileReference section */
		CE96DAEB2F8E9A8C000CA8EA /* IntuneHelloWorld.app */ = {isa = PBXFileReference; explicitFileType = wrapper.application; includeInIndex = 0; path = IntuneHelloWorld.app; sourceTree = BUILT_PRODUCTS_DIR; };
		CE96DAF82F8E9A8D000CA8EA /* IntuneHelloWorldTests.xctest */ = {isa = PBXFileReference; explicitFileType = wrapper.cfbundle; includeInIndex = 0; path = IntuneHelloWorldTests.xctest; sourceTree = BUILT_PRODUCTS_DIR; };
		CE96DB022F8E9A8D000CA8EA /* IntuneHelloWorldUITests.xctest */ = {isa = PBXFileReference; explicitFileType = wrapper.cfbundle; includeInIndex = 0; path = IntuneHelloWorldUITests.xctest; sourceTree = BUILT_PRODUCTS_DIR; };
/* End PBXFileReference section */

/* Begin PBXFileSystemSynchronizedBuildFileExceptionSet section */
		CE96DB1B2F8E9B31000CA8EA /* Exceptions for "IntuneHelloWorld" folder in "IntuneHelloWorld" target */ = {
			isa = PBXFileSystemSynchronizedBuildFileExceptionSet;
			membershipExceptions = (
				Info.plist,
			);
			target = CE96DAEA2F8E9A8C000CA8EA /* IntuneHelloWorld */;
		};
/* End PBXFileSystemSynchronizedBuildFileExceptionSet section */

/* Begin PBXFileSystemSynchronizedRootGroup section */
		CE96DAED2F8E9A8C000CA8EA /* IntuneHelloWorld */ = {
			isa = PBXFileSystemSynchronizedRootGroup;
			exceptions = (
				CE96DB1B2F8E9B31000CA8EA /* Exceptions for "IntuneHelloWorld" folder in "IntuneHelloWorld" target */,
			);
			path = IntuneHelloWorld;
			sourceTree = "<group>";
		};
		CE96DAFB2F8E9A8D000CA8EA /* IntuneHelloWorldTests */ = {
			isa = PBXFileSystemSynchronizedRootGroup;
			path = IntuneHelloWorldTests;
			sourceTree = "<group>";
		};
		CE96DB052F8E9A8D000CA8EA /* IntuneHelloWorldUITests */ = {
			isa = PBXFileSystemSynchronizedRootGroup;
			path = IntuneHelloWorldUITests;
			sourceTree = "<group>";
		};
/* End PBXFileSystemSynchronizedRootGroup section */

/* Begin PBXFrameworksBuildPhase section */
		CE96DAE82F8E9A8C000CA8EA /* Frameworks */ = {
			isa = PBXFrameworksBuildPhase;
			buildActionMask = 2147483647;
			files = (
				CE96DB172F8E9AB8000CA8EA /* IntuneMAMSwift in Frameworks */,
				CE96DB1A2F8E9B30000CA8EA /* MSAL in Frameworks */,
			);
			runOnlyForDeploymentPostprocessing = 0;
		};
		CE96DAF52F8E9A8D000CA8EA /* Frameworks */ = {
			isa = PBXFrameworksBuildPhase;
			buildActionMask = 2147483647;
			files = (
			);
			runOnlyForDeploymentPostprocessing = 0;
		};
		CE96DAFF2F8E9A8D000CA8EA /* Frameworks */ = {
			isa = PBXFrameworksBuildPhase;
			buildActionMask = 2147483647;
			files = (
			);
			runOnlyForDeploymentPostprocessing = 0;
		};
/* End PBXFrameworksBuildPhase section */

/* Begin PBXGroup section */
		CE96DAE22F8E9A8C000CA8EA = {
			isa = PBXGroup;
			children = (
				CE96DAED2F8E9A8C000CA8EA /* IntuneHelloWorld */,
				CE96DAFB2F8E9A8D000CA8EA /* IntuneHelloWorldTests */,
				CE96DB052F8E9A8D000CA8EA /* IntuneHelloWorldUITests */,
				CE96DAEC2F8E9A8C000CA8EA /* Products */,
			);
			sourceTree = "<group>";
		};
		CE96DAEC2F8E9A8C000CA8EA /* Products */ = {
			isa = PBXGroup;
			children = (
				CE96DAEB2F8E9A8C000CA8EA /* IntuneHelloWorld.app */,
				CE96DAF82F8E9A8D000CA8EA /* IntuneHelloWorldTests.xctest */,
				CE96DB022F8E9A8D000CA8EA /* IntuneHelloWorldUITests.xctest */,
			);
			name = Products;
			sourceTree = "<group>";
		};
/* End PBXGroup section */

/* Begin PBXNativeTarget section */
		CE96DAEA2F8E9A8C000CA8EA /* IntuneHelloWorld */ = {
			isa = PBXNativeTarget;
			buildConfigurationList = CE96DB0C2F8E9A8D000CA8EA /* Build configuration list for PBXNativeTarget "IntuneHelloWorld" */;
			buildPhases = (
				CE96DAE72F8E9A8C000CA8EA /* Sources */,
				CE96DAE82F8E9A8C000CA8EA /* Frameworks */,
				CE96DAE92F8E9A8C000CA8EA /* Resources */,
			);
			buildRules = (
			);
			dependencies = (
			);
			fileSystemSynchronizedGroups = (
				CE96DAED2F8E9A8C000CA8EA /* IntuneHelloWorld */,
			);
			name = IntuneHelloWorld;
			packageProductDependencies = (
				CE96DB162F8E9AB8000CA8EA /* IntuneMAMSwift */,
				CE96DB192F8E9B30000CA8EA /* MSAL */,
			);
			productName = IntuneHelloWorld;
			productReference = CE96DAEB2F8E9A8C000CA8EA /* IntuneHelloWorld.app */;
			productType = "com.apple.product-type.application";
		};
		CE96DAF72F8E9A8D000CA8EA /* IntuneHelloWorldTests */ = {
			isa = PBXNativeTarget;
			buildConfigurationList = CE96DB0F2F8E9A8D000CA8EA /* Build configuration list for PBXNativeTarget "IntuneHelloWorldTests" */;
			buildPhases = (
				CE96DAF42F8E9A8D000CA8EA /* Sources */,
				CE96DAF52F8E9A8D000CA8EA /* Frameworks */,
				CE96DAF62F8E9A8D000CA8EA /* Resources */,
			);
			buildRules = (
			);
			dependencies = (
				CE96DAFA2F8E9A8D000CA8EA /* PBXTargetDependency */,
			);
			fileSystemSynchronizedGroups = (
				CE96DAFB2F8E9A8D000CA8EA /* IntuneHelloWorldTests */,
			);
			name = IntuneHelloWorldTests;
			packageProductDependencies = (
			);
			productName = IntuneHelloWorldTests;
			productReference = CE96DAF82F8E9A8D000CA8EA /* IntuneHelloWorldTests.xctest */;
			productType = "com.apple.product-type.bundle.unit-test";
		};
		CE96DB012F8E9A8D000CA8EA /* IntuneHelloWorldUITests */ = {
			isa = PBXNativeTarget;
			buildConfigurationList = CE96DB122F8E9A8D000CA8EA /* Build configuration list for PBXNativeTarget "IntuneHelloWorldUITests" */;
			buildPhases = (
				CE96DAFE2F8E9A8D000CA8EA /* Sources */,
				CE96DAFF2F8E9A8D000CA8EA /* Frameworks */,
				CE96DB002F8E9A8D000CA8EA /* Resources */,
			);
			buildRules = (
			);
			dependencies = (
				CE96DB042F8E9A8D000CA8EA /* PBXTargetDependency */,
			);
			fileSystemSynchronizedGroups = (
				CE96DB052F8E9A8D000CA8EA /* IntuneHelloWorldUITests */,
			);
			name = IntuneHelloWorldUITests;
			packageProductDependencies = (
			);
			productName = IntuneHelloWorldUITests;
			productReference = CE96DB022F8E9A8D000CA8EA /* IntuneHelloWorldUITests.xctest */;
			productType = "com.apple.product-type.bundle.ui-testing";
		};
/* End PBXNativeTarget section */

/* Begin PBXProject section */
		CE96DAE32F8E9A8C000CA8EA /* Project object */ = {
			isa = PBXProject;
			attributes = {
				BuildIndependentTargetsInParallel = 1;
				LastSwiftUpdateCheck = 2610;
				LastUpgradeCheck = 2610;
				TargetAttributes = {
					CE96DAEA2F8E9A8C000CA8EA = {
						CreatedOnToolsVersion = 26.1.1;
					};
					CE96DAF72F8E9A8D000CA8EA = {
						CreatedOnToolsVersion = 26.1.1;
						TestTargetID = CE96DAEA2F8E9A8C000CA8EA;
					};
					CE96DB012F8E9A8D000CA8EA = {
						CreatedOnToolsVersion = 26.1.1;
						TestTargetID = CE96DAEA2F8E9A8C000CA8EA;
					};
				};
			};
			buildConfigurationList = CE96DAE62F8E9A8C000CA8EA /* Build configuration list for PBXProject "IntuneHelloWorld" */;
			developmentRegion = en;
			hasScannedForEncodings = 0;
			knownRegions = (
				en,
				Base,
			);
			mainGroup = CE96DAE22F8E9A8C000CA8EA;
			minimizedProjectReferenceProxies = 1;
			packageReferences = (
				CE96DB152F8E9AB8000CA8EA /* XCRemoteSwiftPackageReference "ms-intune-app-sdk-ios" */,
				CE96DB182F8E9B30000CA8EA /* XCRemoteSwiftPackageReference "microsoft-authentication-library-for-objc" */,
			);
			preferredProjectObjectVersion = 77;
			productRefGroup = CE96DAEC2F8E9A8C000CA8EA /* Products */;
			projectDirPath = "";
			projectRoot = "";
			targets = (
				CE96DAEA2F8E9A8C000CA8EA /* IntuneHelloWorld */,
				CE96DAF72F8E9A8D000CA8EA /* IntuneHelloWorldTests */,
				CE96DB012F8E9A8D000CA8EA /* IntuneHelloWorldUITests */,
			);
		};
/* End PBXProject section */

/* Begin PBXResourcesBuildPhase section */
		CE96DAE92F8E9A8C000CA8EA /* Resources */ = {
			isa = PBXResourcesBuildPhase;
			buildActionMask = 2147483647;
			files = (
			);
			runOnlyForDeploymentPostprocessing = 0;
		};
		CE96DAF62F8E9A8D000CA8EA /* Resources */ = {
			isa = PBXResourcesBuildPhase;
			buildActionMask = 2147483647;
			files = (
			);
			runOnlyForDeploymentPostprocessing = 0;
		};
		CE96DB002F8E9A8D000CA8EA /* Resources */ = {
			isa = PBXResourcesBuildPhase;
			buildActionMask = 2147483647;
			files = (
			);
			runOnlyForDeploymentPostprocessing = 0;
		};
/* End PBXResourcesBuildPhase section */

/* Begin PBXSourcesBuildPhase section */
		CE96DAE72F8E9A8C000CA8EA /* Sources */ = {
			isa = PBXSourcesBuildPhase;
			buildActionMask = 2147483647;
			files = (
			);
			runOnlyForDeploymentPostprocessing = 0;
		};
		CE96DAF42F8E9A8D000CA8EA /* Sources */ = {
			isa = PBXSourcesBuildPhase;
			buildActionMask = 2147483647;
			files = (
			);
			runOnlyForDeploymentPostprocessing = 0;
		};
		CE96DAFE2F8E9A8D000CA8EA /* Sources */ = {
			isa = PBXSourcesBuildPhase;
			buildActionMask = 2147483647;
			files = (
			);
			runOnlyForDeploymentPostprocessing = 0;
		};
/* End PBXSourcesBuildPhase section */

/* Begin PBXTargetDependency section */
		CE96DAFA2F8E9A8D000CA8EA /* PBXTargetDependency */ = {
			isa = PBXTargetDependency;
			target = CE96DAEA2F8E9A8C000CA8EA /* IntuneHelloWorld */;
			targetProxy = CE96DAF92F8E9A8D000CA8EA /* PBXContainerItemProxy */;
		};
		CE96DB042F8E9A8D000CA8EA /* PBXTargetDependency */ = {
			isa = PBXTargetDependency;
			target = CE96DAEA2F8E9A8C000CA8EA /* IntuneHelloWorld */;
			targetProxy = CE96DB032F8E9A8D000CA8EA /* PBXContainerItemProxy */;
		};
/* End PBXTargetDependency section */

/* Begin XCBuildConfiguration section */
		CE96DB0A2F8E9A8D000CA8EA /* Debug */ = {
			isa = XCBuildConfiguration;
			buildSettings = {
				ALWAYS_SEARCH_USER_PATHS = NO;
				ASSETCATALOG_COMPILER_GENERATE_SWIFT_ASSET_SYMBOL_EXTENSIONS = YES;
				CLANG_ANALYZER_NONNULL = YES;
				CLANG_ANALYZER_NUMBER_OBJECT_CONVERSION = YES_AGGRESSIVE;
				CLANG_CXX_LANGUAGE_STANDARD = "gnu++20";
				CLANG_ENABLE_MODULES = YES;
				CLANG_ENABLE_OBJC_ARC = YES;
				CLANG_ENABLE_OBJC_WEAK = YES;
				CLANG_WARN_BLOCK_CAPTURE_AUTORELEASING = YES;
				CLANG_WARN_BOOL_CONVERSION = YES;
				CLANG_WARN_COMMA = YES;
				CLANG_WARN_CONSTANT_CONVERSION = YES;
				CLANG_WARN_DEPRECATED_OBJC_IMPLEMENTATIONS = YES;
				CLANG_WARN_DIRECT_OBJC_ISA_USAGE = YES_ERROR;
				CLANG_WARN_DOCUMENTATION_COMMENTS = YES;
				CLANG_WARN_EMPTY_BODY = YES;
				CLANG_WARN_ENUM_CONVERSION = YES;
				CLANG_WARN_INFINITE_RECURSION = YES;
				CLANG_WARN_INT_CONVERSION = YES;
				CLANG_WARN_NON_LITERAL_NULL_CONVERSION = YES;
				CLANG_WARN_OBJC_IMPLICIT_RETAIN_SELF = YES;
				CLANG_WARN_OBJC_LITERAL_CONVERSION = YES;
				CLANG_WARN_OBJC_ROOT_CLASS = YES_ERROR;
				CLANG_WARN_QUOTED_INCLUDE_IN_FRAMEWORK_HEADER = YES;
				CLANG_WARN_RANGE_LOOP_ANALYSIS = YES;
				CLANG_WARN_STRICT_PROTOTYPES = YES;
				CLANG_WARN_SUSPICIOUS_MOVE = YES;
				CLANG_WARN_UNGUARDED_AVAILABILITY = YES_AGGRESSIVE;
				CLANG_WARN_UNREACHABLE_CODE = YES;
				CLANG_WARN__DUPLICATE_METHOD_MATCH = YES;
				COPY_PHASE_STRIP = NO;
				DEBUG_INFORMATION_FORMAT = dwarf;
				DEVELOPMENT_TEAM = 29JU3556U2;
				ENABLE_STRICT_OBJC_MSGSEND = YES;
				ENABLE_TESTABILITY = YES;
				ENABLE_USER_SCRIPT_SANDBOXING = YES;
				GCC_C_LANGUAGE_STANDARD = gnu17;
				GCC_DYNAMIC_NO_PIC = NO;
				GCC_NO_COMMON_BLOCKS = YES;
				GCC_OPTIMIZATION_LEVEL = 0;
				GCC_PREPROCESSOR_DEFINITIONS = (
					"DEBUG=1",
					"$(inherited)",
				);
				GCC_WARN_64_TO_32_BIT_CONVERSION = YES;
				GCC_WARN_ABOUT_RETURN_TYPE = YES_ERROR;
				GCC_WARN_UNDECLARED_SELECTOR = YES;
				GCC_WARN_UNINITIALIZED_AUTOS = YES_AGGRESSIVE;
				GCC_WARN_UNUSED_FUNCTION = YES;
				GCC_WARN_UNUSED_VARIABLE = YES;
				IPHONEOS_DEPLOYMENT_TARGET = 26.1;
				LOCALIZATION_PREFERS_STRING_CATALOGS = YES;
				MTL_ENABLE_DEBUG_INFO = INCLUDE_SOURCE;
				MTL_FAST_MATH = YES;
				ONLY_ACTIVE_ARCH = YES;
				SDKROOT = iphoneos;
				SWIFT_ACTIVE_COMPILATION_CONDITIONS = "DEBUG $(inherited)";
				SWIFT_OPTIMIZATION_LEVEL = "-Onone";
			};
			name = Debug;
		};
		CE96DB0B2F8E9A8D000CA8EA /* Release */ = {
			isa = XCBuildConfiguration;
			buildSettings = {
				ALWAYS_SEARCH_USER_PATHS = NO;
				ASSETCATALOG_COMPILER_GENERATE_SWIFT_ASSET_SYMBOL_EXTENSIONS = YES;
				CLANG_ANALYZER_NONNULL = YES;
				CLANG_ANALYZER_NUMBER_OBJECT_CONVERSION = YES_AGGRESSIVE;
				CLANG_CXX_LANGUAGE_STANDARD = "gnu++20";
				CLANG_ENABLE_MODULES = YES;
				CLANG_ENABLE_OBJC_ARC = YES;
				CLANG_ENABLE_OBJC_WEAK = YES;
				CLANG_WARN_BLOCK_CAPTURE_AUTORELEASING = YES;
				CLANG_WARN_BOOL_CONVERSION = YES;
				CLANG_WARN_COMMA = YES;
				CLANG_WARN_CONSTANT_CONVERSION = YES;
				CLANG_WARN_DEPRECATED_OBJC_IMPLEMENTATIONS = YES;
				CLANG_WARN_DIRECT_OBJC_ISA_USAGE = YES_ERROR;
				CLANG_WARN_DOCUMENTATION_COMMENTS = YES;
				CLANG_WARN_EMPTY_BODY = YES;
				CLANG_WARN_ENUM_CONVERSION = YES;
				CLANG_WARN_INFINITE_RECURSION = YES;
				CLANG_WARN_INT_CONVERSION = YES;
				CLANG_WARN_NON_LITERAL_NULL_CONVERSION = YES;
				CLANG_WARN_OBJC_IMPLICIT_RETAIN_SELF = YES;
				CLANG_WARN_OBJC_LITERAL_CONVERSION = YES;
				CLANG_WARN_OBJC_ROOT_CLASS = YES_ERROR;
				CLANG_WARN_QUOTED_INCLUDE_IN_FRAMEWORK_HEADER = YES;
				CLANG_WARN_RANGE_LOOP_ANALYSIS = YES;
				CLANG_WARN_STRICT_PROTOTYPES = YES;
				CLANG_WARN_SUSPICIOUS_MOVE = YES;
				CLANG_WARN_UNGUARDED_AVAILABILITY = YES_AGGRESSIVE;
				CLANG_WARN_UNREACHABLE_CODE = YES;
				CLANG_WARN__DUPLICATE_METHOD_MATCH = YES;
				COPY_PHASE_STRIP = NO;
				DEBUG_INFORMATION_FORMAT = "dwarf-with-dsym";
				DEVELOPMENT_TEAM = 29JU3556U2;
				ENABLE_NS_ASSERTIONS = NO;
				ENABLE_STRICT_OBJC_MSGSEND = YES;
				ENABLE_USER_SCRIPT_SANDBOXING = YES;
				GCC_C_LANGUAGE_STANDARD = gnu17;
				GCC_NO_COMMON_BLOCKS = YES;
				GCC_WARN_64_TO_32_BIT_CONVERSION = YES;
				GCC_WARN_ABOUT_RETURN_TYPE = YES_ERROR;
				GCC_WARN_UNDECLARED_SELECTOR = YES;
				GCC_WARN_UNINITIALIZED_AUTOS = YES_AGGRESSIVE;
				GCC_WARN_UNUSED_FUNCTION = YES;
				GCC_WARN_UNUSED_VARIABLE = YES;
				IPHONEOS_DEPLOYMENT_TARGET = 26.1;
				LOCALIZATION_PREFERS_STRING_CATALOGS = YES;
				MTL_ENABLE_DEBUG_INFO = NO;
				MTL_FAST_MATH = YES;
				SDKROOT = iphoneos;
				SWIFT_COMPILATION_MODE = wholemodule;
				VALIDATE_PRODUCT = YES;
			};
			name = Release;
		};
		CE96DB0D2F8E9A8D000CA8EA /* Debug */ = {
			isa = XCBuildConfiguration;
			buildSettings = {
				ASSETCATALOG_COMPILER_APPICON_NAME = AppIcon;
				ASSETCATALOG_COMPILER_GLOBAL_ACCENT_COLOR_NAME = AccentColor;
				CODE_SIGN_ENTITLEMENTS = IntuneHelloWorld/IntuneHelloWorld.entitlements;
				CODE_SIGN_STYLE = Automatic;
				CURRENT_PROJECT_VERSION = 1;
				DEVELOPMENT_TEAM = 29JU3556U2;
				ENABLE_PREVIEWS = YES;
				GENERATE_INFOPLIST_FILE = NO;
				INFOPLIST_FILE = IntuneHelloWorld/Info.plist;
				LD_RUNPATH_SEARCH_PATHS = (
					"$(inherited)",
					"@executable_path/Frameworks",
				);
				MARKETING_VERSION = 1.0;
				PRODUCT_BUNDLE_IDENTIFIER = com.example.intunehelloworld;
				PRODUCT_NAME = "$(TARGET_NAME)";
				STRING_CATALOG_GENERATE_SYMBOLS = YES;
				SWIFT_APPROACHABLE_CONCURRENCY = YES;
				SWIFT_DEFAULT_ACTOR_ISOLATION = MainActor;
				SWIFT_EMIT_LOC_STRINGS = YES;
				SWIFT_UPCOMING_FEATURE_MEMBER_IMPORT_VISIBILITY = YES;
				SWIFT_VERSION = 5.0;
				TARGETED_DEVICE_FAMILY = "1,2";
			};
			name = Debug;
		};
		CE96DB0E2F8E9A8D000CA8EA /* Release */ = {
			isa = XCBuildConfiguration;
			buildSettings = {
				ASSETCATALOG_COMPILER_APPICON_NAME = AppIcon;
				ASSETCATALOG_COMPILER_GLOBAL_ACCENT_COLOR_NAME = AccentColor;
				CODE_SIGN_ENTITLEMENTS = IntuneHelloWorld/IntuneHelloWorld.entitlements;
				CODE_SIGN_STYLE = Automatic;
				CURRENT_PROJECT_VERSION = 1;
				DEVELOPMENT_TEAM = 29JU3556U2;
				ENABLE_PREVIEWS = YES;
				GENERATE_INFOPLIST_FILE = NO;
				INFOPLIST_FILE = IntuneHelloWorld/Info.plist;
				LD_RUNPATH_SEARCH_PATHS = (
					"$(inherited)",
					"@executable_path/Frameworks",
				);
				MARKETING_VERSION = 1.0;
				PRODUCT_BUNDLE_IDENTIFIER = com.example.intunehelloworld;
				PRODUCT_NAME = "$(TARGET_NAME)";
				STRING_CATALOG_GENERATE_SYMBOLS = YES;
				SWIFT_APPROACHABLE_CONCURRENCY = YES;
				SWIFT_DEFAULT_ACTOR_ISOLATION = MainActor;
				SWIFT_EMIT_LOC_STRINGS = YES;
				SWIFT_UPCOMING_FEATURE_MEMBER_IMPORT_VISIBILITY = YES;
				SWIFT_VERSION = 5.0;
				TARGETED_DEVICE_FAMILY = "1,2";
			};
			name = Release;
		};
		CE96DB102F8E9A8D000CA8EA /* Debug */ = {
			isa = XCBuildConfiguration;
			buildSettings = {
				BUNDLE_LOADER = "$(TEST_HOST)";
				CODE_SIGN_STYLE = Automatic;
				CURRENT_PROJECT_VERSION = 1;
				DEVELOPMENT_TEAM = 29JU3556U2;
				GENERATE_INFOPLIST_FILE = YES;
				IPHONEOS_DEPLOYMENT_TARGET = 26.1;
				MARKETING_VERSION = 1.0;
				PRODUCT_BUNDLE_IDENTIFIER = com.example.IntuneHelloWorldTests;
				PRODUCT_NAME = "$(TARGET_NAME)";
				STRING_CATALOG_GENERATE_SYMBOLS = NO;
				SWIFT_APPROACHABLE_CONCURRENCY = YES;
				SWIFT_EMIT_LOC_STRINGS = NO;
				SWIFT_UPCOMING_FEATURE_MEMBER_IMPORT_VISIBILITY = YES;
				SWIFT_VERSION = 5.0;
				TARGETED_DEVICE_FAMILY = "1,2";
				TEST_HOST = "$(BUILT_PRODUCTS_DIR)/IntuneHelloWorld.app/$(BUNDLE_EXECUTABLE_FOLDER_PATH)/IntuneHelloWorld";
			};
			name = Debug;
		};
		CE96DB112F8E9A8D000CA8EA /* Release */ = {
			isa = XCBuildConfiguration;
			buildSettings = {
				BUNDLE_LOADER = "$(TEST_HOST)";
				CODE_SIGN_STYLE = Automatic;
				CURRENT_PROJECT_VERSION = 1;
				DEVELOPMENT_TEAM = 29JU3556U2;
				GENERATE_INFOPLIST_FILE = YES;
				IPHONEOS_DEPLOYMENT_TARGET = 26.1;
				MARKETING_VERSION = 1.0;
				PRODUCT_BUNDLE_IDENTIFIER = com.example.IntuneHelloWorldTests;
				PRODUCT_NAME = "$(TARGET_NAME)";
				STRING_CATALOG_GENERATE_SYMBOLS = NO;
				SWIFT_APPROACHABLE_CONCURRENCY = YES;
				SWIFT_EMIT_LOC_STRINGS = NO;
				SWIFT_UPCOMING_FEATURE_MEMBER_IMPORT_VISIBILITY = YES;
				SWIFT_VERSION = 5.0;
				TARGETED_DEVICE_FAMILY = "1,2";
				TEST_HOST = "$(BUILT_PRODUCTS_DIR)/IntuneHelloWorld.app/$(BUNDLE_EXECUTABLE_FOLDER_PATH)/IntuneHelloWorld";
			};
			name = Release;
		};
		CE96DB132F8E9A8D000CA8EA /* Debug */ = {
			isa = XCBuildConfiguration;
			buildSettings = {
				CODE_SIGN_STYLE = Automatic;
				CURRENT_PROJECT_VERSION = 1;
				DEVELOPMENT_TEAM = 29JU3556U2;
				GENERATE_INFOPLIST_FILE = YES;
				MARKETING_VERSION = 1.0;
				PRODUCT_BUNDLE_IDENTIFIER = com.example.IntuneHelloWorldUITests;
				PRODUCT_NAME = "$(TARGET_NAME)";
				STRING_CATALOG_GENERATE_SYMBOLS = NO;
				SWIFT_APPROACHABLE_CONCURRENCY = YES;
				SWIFT_EMIT_LOC_STRINGS = NO;
				SWIFT_UPCOMING_FEATURE_MEMBER_IMPORT_VISIBILITY = YES;
				SWIFT_VERSION = 5.0;
				TARGETED_DEVICE_FAMILY = "1,2";
				TEST_TARGET_NAME = IntuneHelloWorld;
			};
			name = Debug;
		};
		CE96DB142F8E9A8D000CA8EA /* Release */ = {
			isa = XCBuildConfiguration;
			buildSettings = {
				CODE_SIGN_STYLE = Automatic;
				CURRENT_PROJECT_VERSION = 1;
				DEVELOPMENT_TEAM = 29JU3556U2;
				GENERATE_INFOPLIST_FILE = YES;
				MARKETING_VERSION = 1.0;
				PRODUCT_BUNDLE_IDENTIFIER = com.example.IntuneHelloWorldUITests;
				PRODUCT_NAME = "$(TARGET_NAME)";
				STRING_CATALOG_GENERATE_SYMBOLS = NO;
				SWIFT_APPROACHABLE_CONCURRENCY = YES;
				SWIFT_EMIT_LOC_STRINGS = NO;
				SWIFT_UPCOMING_FEATURE_MEMBER_IMPORT_VISIBILITY = YES;
				SWIFT_VERSION = 5.0;
				TARGETED_DEVICE_FAMILY = "1,2";
				TEST_TARGET_NAME = IntuneHelloWorld;
			};
			name = Release;
		};
/* End XCBuildConfiguration section */

/* Begin XCConfigurationList section */
		CE96DAE62F8E9A8C000CA8EA /* Build configuration list for PBXProject "IntuneHelloWorld" */ = {
			isa = XCConfigurationList;
			buildConfigurations = (
				CE96DB0A2F8E9A8D000CA8EA /* Debug */,
				CE96DB0B2F8E9A8D000CA8EA /* Release */,
			);
			defaultConfigurationIsVisible = 0;
			defaultConfigurationName = Release;
		};
		CE96DB0C2F8E9A8D000CA8EA /* Build configuration list for PBXNativeTarget "IntuneHelloWorld" */ = {
			isa = XCConfigurationList;
			buildConfigurations = (
				CE96DB0D2F8E9A8D000CA8EA /* Debug */,
				CE96DB0E2F8E9A8D000CA8EA /* Release */,
			);
			defaultConfigurationIsVisible = 0;
			defaultConfigurationName = Release;
		};
		CE96DB0F2F8E9A8D000CA8EA /* Build configuration list for PBXNativeTarget "IntuneHelloWorldTests" */ = {
			isa = XCConfigurationList;
			buildConfigurations = (
				CE96DB102F8E9A8D000CA8EA /* Debug */,
				CE96DB112F8E9A8D000CA8EA /* Release */,
			);
			defaultConfigurationIsVisible = 0;
			defaultConfigurationName = Release;
		};
		CE96DB122F8E9A8D000CA8EA /* Build configuration list for PBXNativeTarget "IntuneHelloWorldUITests" */ = {
			isa = XCConfigurationList;
			buildConfigurations = (
				CE96DB132F8E9A8D000CA8EA /* Debug */,
				CE96DB142F8E9A8D000CA8EA /* Release */,
			);
			defaultConfigurationIsVisible = 0;
			defaultConfigurationName = Release;
		};
/* End XCConfigurationList section */

/* Begin XCRemoteSwiftPackageReference section */
		CE96DB152F8E9AB8000CA8EA /* XCRemoteSwiftPackageReference "ms-intune-app-sdk-ios" */ = {
			isa = XCRemoteSwiftPackageReference;
			repositoryURL = "https://github.com/microsoftconnect/ms-intune-app-sdk-ios";
			requirement = {
				kind = upToNextMajorVersion;
				minimumVersion = 21.5.1;
			};
		};
		CE96DB182F8E9B30000CA8EA /* XCRemoteSwiftPackageReference "microsoft-authentication-library-for-objc" */ = {
			isa = XCRemoteSwiftPackageReference;
			repositoryURL = "https://github.com/AzureAD/microsoft-authentication-library-for-objc";
			requirement = {
				kind = upToNextMajorVersion;
				minimumVersion = 2.10.0;
			};
		};
/* End XCRemoteSwiftPackageReference section */

/* Begin XCSwiftPackageProductDependency section */
		CE96DB162F8E9AB8000CA8EA /* IntuneMAMSwift */ = {
			isa = XCSwiftPackageProductDependency;
			package = CE96DB152F8E9AB8000CA8EA /* XCRemoteSwiftPackageReference "ms-intune-app-sdk-ios" */;
			productName = IntuneMAMSwift;
		};
		CE96DB192F8E9B30000CA8EA /* MSAL */ = {
			isa = XCSwiftPackageProductDependency;
			package = CE96DB182F8E9B30000CA8EA /* XCRemoteSwiftPackageReference "microsoft-authentication-library-for-objc" */;
			productName = MSAL;
		};
/* End XCSwiftPackageProductDependency section */
	};
	rootObject = CE96DAE32F8E9A8C000CA8EA /* Project object */;
}
