// !$*UTF8*$!
{
	archiveVersion = 1;
	classes = {
	};
	objectVersion = 77;
	objects = {

/* Begin PBXBuildFile section */
		CE96F0122F91330D000CA8EA /* MSAL in Frameworks */ = {isa = PBXBuildFile; productRef = CE96F0112F91330D000CA8EA /* MSAL */; };
		CE96F0152F91331C000CA8EA /* IntuneMAMSwift in Frameworks */ = {isa = PBXBuildFile; productRef = CE96F0142F91331C000CA8EA /* IntuneMAMSwift */; };
/* End PBXBuildFile section */

/* Begin PBXContainerItemProxy section */
		CE96EFF02F913252000CA8EA /* PBXContainerItemProxy */ = {
			isa = PBXContainerItemProxy;
			containerPortal = CE96EFDA2F913251000CA8EA /* Project object */;
			proxyType = 1;
			remoteGlobalIDString = CE96EFE12F913251000CA8EA;
			remoteInfo = IOSIntuneApp;
		};
		CE96EFFA2F913252000CA8EA /* PBXContainerItemProxy */ = {
			isa = PBXContainerItemProxy;
			containerPortal = CE96EFDA2F913251000CA8EA /* Project object */;
			proxyType = 1;
			remoteGlobalIDString = CE96EFE12F913251000CA8EA;
			remoteInfo = IOSIntuneApp;
		};
/* End PBXContainerItemProxy section */

/* Begin PBXFileReference section */
		CE96EFE22F913251000CA8EA /* IOSIntuneApp.app */ = {isa = PBXFileReference; explicitFileType = wrapper.application; includeInIndex = 0; path = IOSIntuneApp.app; sourceTree = BUILT_PRODUCTS_DIR; };
		CE96EFEF2F913252000CA8EA /* IOSIntuneAppTests.xctest */ = {isa = PBXFileReference; explicitFileType = wrapper.cfbundle; includeInIndex = 0; path = IOSIntuneAppTests.xctest; sourceTree = BUILT_PRODUCTS_DIR; };
		CE96EFF92F913252000CA8EA /* IOSIntuneAppUITests.xctest */ = {isa = PBXFileReference; explicitFileType = wrapper.cfbundle; includeInIndex = 0; path = IOSIntuneAppUITests.xctest; sourceTree = BUILT_PRODUCTS_DIR; };
/* End PBXFileReference section */

/* Begin PBXFileSystemSynchronizedBuildFileExceptionSet section */
		CE96F0202F913400000CA8EA /* Exceptions for "IOSIntuneApp" folder in "IOSIntuneApp" target */ = {
			isa = PBXFileSystemSynchronizedBuildFileExceptionSet;
			membershipExceptions = (
				Info.plist,
			);
			target = CE96EFE12F913251000CA8EA /* IOSIntuneApp */;
		};
/* End PBXFileSystemSynchronizedBuildFileExceptionSet section */

/* Begin PBXFileSystemSynchronizedRootGroup section */
		CE96EFE42F913251000CA8EA /* IOSIntuneApp */ = {
			isa = PBXFileSystemSynchronizedRootGroup;
			exceptions = (
				CE96F0202F913400000CA8EA /* Exceptions for "IOSIntuneApp" folder in "IOSIntuneApp" target */,
			);
			path = IOSIntuneApp;
			sourceTree = "<group>";
		};
		CE96EFF22F913252000CA8EA /* IOSIntuneAppTests */ = {
			isa = PBXFileSystemSynchronizedRootGroup;
			path = IOSIntuneAppTests;
			sourceTree = "<group>";
		};
		CE96EFFC2F913252000CA8EA /* IOSIntuneAppUITests */ = {
			isa = PBXFileSystemSynchronizedRootGroup;
			path = IOSIntuneAppUITests;
			sourceTree = "<group>";
		};
/* End PBXFileSystemSynchronizedRootGroup section */

/* Begin PBXFrameworksBuildPhase section */
		CE96EFDF2F913251000CA8EA /* Frameworks */ = {
			isa = PBXFrameworksBuildPhase;
			buildActionMask = 2147483647;
			files = (
				CE96F0122F91330D000CA8EA /* MSAL in Frameworks */,
				CE96F0152F91331C000CA8EA /* IntuneMAMSwift in Frameworks */,
			);
			runOnlyForDeploymentPostprocessing = 0;
		};
		CE96EFEC2F913252000CA8EA /* Frameworks */ = {
			isa = PBXFrameworksBuildPhase;
			buildActionMask = 2147483647;
			files = (
			);
			runOnlyForDeploymentPostprocessing = 0;
		};
		CE96EFF62F913252000CA8EA /* Frameworks */ = {
			isa = PBXFrameworksBuildPhase;
			buildActionMask = 2147483647;
			files = (
			);
			runOnlyForDeploymentPostprocessing = 0;
		};
/* End PBXFrameworksBuildPhase section */

/* Begin PBXGroup section */
		CE96EFD92F913251000CA8EA = {
			isa = PBXGroup;
			children = (
				CE96EFE42F913251000CA8EA /* IOSIntuneApp */,
				CE96EFF22F913252000CA8EA /* IOSIntuneAppTests */,
				CE96EFFC2F913252000CA8EA /* IOSIntuneAppUITests */,
				CE96EFE32F913251000CA8EA /* Products */,
			);
			sourceTree = "<group>";
		};
		CE96EFE32F913251000CA8EA /* Products */ = {
			isa = PBXGroup;
			children = (
				CE96EFE22F913251000CA8EA /* IOSIntuneApp.app */,
				CE96EFEF2F913252000CA8EA /* IOSIntuneAppTests.xctest */,
				CE96EFF92F913252000CA8EA /* IOSIntuneAppUITests.xctest */,
			);
			name = Products;
			sourceTree = "<group>";
		};
/* End PBXGroup section */

/* Begin PBXNativeTarget section */
		CE96EFE12F913251000CA8EA /* IOSIntuneApp */ = {
			isa = PBXNativeTarget;
			buildConfigurationList = CE96F0032F913252000CA8EA /* Build configuration list for PBXNativeTarget "IOSIntuneApp" */;
			buildPhases = (
				CE96EFDE2F913251000CA8EA /* Sources */,
				CE96EFDF2F913251000CA8EA /* Frameworks */,
				CE96EFE02F913251000CA8EA /* Resources */,
			);
			buildRules = (
			);
			dependencies = (
			);
			fileSystemSynchronizedGroups = (
				CE96EFE42F913251000CA8EA /* IOSIntuneApp */,
			);
			name = IOSIntuneApp;
			packageProductDependencies = (
				CE96F0112F91330D000CA8EA /* MSAL */,
				CE96F0142F91331C000CA8EA /* IntuneMAMSwift */,
			);
			productName = IOSIntuneApp;
			productReference = CE96EFE22F913251000CA8EA /* IOSIntuneApp.app */;
			productType = "com.apple.product-type.application";
		};
		CE96EFEE2F913252000CA8EA /* IOSIntuneAppTests */ = {
			isa = PBXNativeTarget;
			buildConfigurationList = CE96F0062F913252000CA8EA /* Build configuration list for PBXNativeTarget "IOSIntuneAppTests" */;
			buildPhases = (
				CE96EFEB2F913252000CA8EA /* Sources */,
				CE96EFEC2F913252000CA8EA /* Frameworks */,
				CE96EFED2F913252000CA8EA /* Resources */,
			);
			buildRules = (
			);
			dependencies = (
				CE96EFF12F913252000CA8EA /* PBXTargetDependency */,
			);
			fileSystemSynchronizedGroups = (
				CE96EFF22F913252000CA8EA /* IOSIntuneAppTests */,
			);
			name = IOSIntuneAppTests;
			packageProductDependencies = (
			);
			productName = IOSIntuneAppTests;
			productReference = CE96EFEF2F913252000CA8EA /* IOSIntuneAppTests.xctest */;
			productType = "com.apple.product-type.bundle.unit-test";
		};
		CE96EFF82F913252000CA8EA /* IOSIntuneAppUITests */ = {
			isa = PBXNativeTarget;
			buildConfigurationList = CE96F0092F913252000CA8EA /* Build configuration list for PBXNativeTarget "IOSIntuneAppUITests" */;
			buildPhases = (
				CE96EFF52F913252000CA8EA /* Sources */,
				CE96EFF62F913252000CA8EA /* Frameworks */,
				CE96EFF72F913252000CA8EA /* Resources */,
			);
			buildRules = (
			);
			dependencies = (
				CE96EFFB2F913252000CA8EA /* PBXTargetDependency */,
			);
			fileSystemSynchronizedGroups = (
				CE96EFFC2F913252000CA8EA /* IOSIntuneAppUITests */,
			);
			name = IOSIntuneAppUITests;
			packageProductDependencies = (
			);
			productName = IOSIntuneAppUITests;
			productReference = CE96EFF92F913252000CA8EA /* IOSIntuneAppUITests.xctest */;
			productType = "com.apple.product-type.bundle.ui-testing";
		};
/* End PBXNativeTarget section */

/* Begin PBXProject section */
		CE96EFDA2F913251000CA8EA /* Project object */ = {
			isa = PBXProject;
			attributes = {
				BuildIndependentTargetsInParallel = 1;
				LastSwiftUpdateCheck = 2610;
				LastUpgradeCheck = 2610;
				TargetAttributes = {
					CE96EFE12F913251000CA8EA = {
						CreatedOnToolsVersion = 26.1.1;
					};
					CE96EFEE2F913252000CA8EA = {
						CreatedOnToolsVersion = 26.1.1;
						TestTargetID = CE96EFE12F913251000CA8EA;
					};
					CE96EFF82F913252000CA8EA = {
						CreatedOnToolsVersion = 26.1.1;
						TestTargetID = CE96EFE12F913251000CA8EA;
					};
				};
			};
			buildConfigurationList = CE96EFDD2F913251000CA8EA /* Build configuration list for PBXProject "IOSIntuneApp" */;
			developmentRegion = en;
			hasScannedForEncodings = 0;
			knownRegions = (
				en,
				Base,
			);
			mainGroup = CE96EFD92F913251000CA8EA;
			minimizedProjectReferenceProxies = 1;
			packageReferences = (
				CE96F0102F91330D000CA8EA /* XCRemoteSwiftPackageReference "microsoft-authentication-library-for-objc" */,
				CE96F0132F91331C000CA8EA /* XCRemoteSwiftPackageReference "ms-intune-app-sdk-ios" */,
			);
			preferredProjectObjectVersion = 77;
			productRefGroup = CE96EFE32F913251000CA8EA /* Products */;
			projectDirPath = "";
			projectRoot = "";
			targets = (
				CE96EFE12F913251000CA8EA /* IOSIntuneApp */,
				CE96EFEE2F913252000CA8EA /* IOSIntuneAppTests */,
				CE96EFF82F913252000CA8EA /* IOSIntuneAppUITests */,
			);
		};
/* End PBXProject section */

/* Begin PBXResourcesBuildPhase section */
		CE96EFE02F913251000CA8EA /* Resources */ = {
			isa = PBXResourcesBuildPhase;
			buildActionMask = 2147483647;
			files = (
			);
			runOnlyForDeploymentPostprocessing = 0;
		};
		CE96EFED2F913252000CA8EA /* Resources */ = {
			isa = PBXResourcesBuildPhase;
			buildActionMask = 2147483647;
			files = (
			);
			runOnlyForDeploymentPostprocessing = 0;
		};
		CE96EFF72F913252000CA8EA /* Resources */ = {
			isa = PBXResourcesBuildPhase;
			buildActionMask = 2147483647;
			files = (
			);
			runOnlyForDeploymentPostprocessing = 0;
		};
/* End PBXResourcesBuildPhase section */

/* Begin PBXSourcesBuildPhase section */
		CE96EFDE2F913251000CA8EA /* Sources */ = {
			isa = PBXSourcesBuildPhase;
			buildActionMask = 2147483647;
			files = (
			);
			runOnlyForDeploymentPostprocessing = 0;
		};
		CE96EFEB2F913252000CA8EA /* Sources */ = {
			isa = PBXSourcesBuildPhase;
			buildActionMask = 2147483647;
			files = (
			);
			runOnlyForDeploymentPostprocessing = 0;
		};
		CE96EFF52F913252000CA8EA /* Sources */ = {
			isa = PBXSourcesBuildPhase;
			buildActionMask = 2147483647;
			files = (
			);
			runOnlyForDeploymentPostprocessing = 0;
		};
/* End PBXSourcesBuildPhase section */

/* Begin PBXTargetDependency section */
		CE96EFF12F913252000CA8EA /* PBXTargetDependency */ = {
			isa = PBXTargetDependency;
			target = CE96EFE12F913251000CA8EA /* IOSIntuneApp */;
			targetProxy = CE96EFF02F913252000CA8EA /* PBXContainerItemProxy */;
		};
		CE96EFFB2F913252000CA8EA /* PBXTargetDependency */ = {
			isa = PBXTargetDependency;
			target = CE96EFE12F913251000CA8EA /* IOSIntuneApp */;
			targetProxy = CE96EFFA2F913252000CA8EA /* PBXContainerItemProxy */;
		};
/* End PBXTargetDependency section */

/* Begin XCBuildConfiguration section */
		CE96F0012F913252000CA8EA /* Debug */ = {
			isa = XCBuildConfiguration;
			buildSettings = {
				ALWAYS_SEARCH_USER_PATHS = NO;
				ASSETCATALOG_COMPILER_GENERATE_SWIFT_ASSET_SYMBOL_EXTENSIONS = YES;
				CLANG_ANALYZER_NONNULL = YES;
				CLANG_ANALYZER_NUMBER_OBJECT_CONVERSION = YES_AGGRESSIVE;
				CLANG_CXX_LANGUAGE_STANDARD = "gnu++20";
				CLANG_ENABLE_MODULES = YES;
				CLANG_ENABLE_OBJC_ARC = YES;
				CLANG_ENABLE_OBJC_WEAK = YES;
				CLANG_WARN_BLOCK_CAPTURE_AUTORELEASING = YES;
				CLANG_WARN_BOOL_CONVERSION = YES;
				CLANG_WARN_COMMA = YES;
				CLANG_WARN_CONSTANT_CONVERSION = YES;
				CLANG_WARN_DEPRECATED_OBJC_IMPLEMENTATIONS = YES;
				CLANG_WARN_DIRECT_OBJC_ISA_USAGE = YES_ERROR;
				CLANG_WARN_DOCUMENTATION_COMMENTS = YES;
				CLANG_WARN_EMPTY_BODY = YES;
				CLANG_WARN_ENUM_CONVERSION = YES;
				CLANG_WARN_INFINITE_RECURSION = YES;
				CLANG_WARN_INT_CONVERSION = YES;
				CLANG_WARN_NON_LITERAL_NULL_CONVERSION = YES;
				CLANG_WARN_OBJC_IMPLICIT_RETAIN_SELF = YES;
				CLANG_WARN_OBJC_LITERAL_CONVERSION = YES;
				CLANG_WARN_OBJC_ROOT_CLASS = YES_ERROR;
				CLANG_WARN_QUOTED_INCLUDE_IN_FRAMEWORK_HEADER = YES;
				CLANG_WARN_RANGE_LOOP_ANALYSIS = YES;
				CLANG_WARN_STRICT_PROTOTYPES = YES;
				CLANG_WARN_SUSPICIOUS_MOVE = YES;
				CLANG_WARN_UNGUARDED_AVAILABILITY = YES_AGGRESSIVE;
				CLANG_WARN_UNREACHABLE_CODE = YES;
				CLANG_WARN__DUPLICATE_METHOD_MATCH = YES;
				COPY_PHASE_STRIP = NO;
				DEBUG_INFORMATION_FORMAT = dwarf;
				DEVELOPMENT_TEAM = 29JU3556U2;
				ENABLE_STRICT_OBJC_MSGSEND = YES;
				ENABLE_TESTABILITY = YES;
				ENABLE_USER_SCRIPT_SANDBOXING = YES;
				GCC_C_LANGUAGE_STANDARD = gnu17;
				GCC_DYNAMIC_NO_PIC = NO;
				GCC_NO_COMMON_BLOCKS = YES;
				GCC_OPTIMIZATION_LEVEL = 0;
				GCC_PREPROCESSOR_DEFINITIONS = (
					"DEBUG=1",
					"$(inherited)",
				);
				GCC_WARN_64_TO_32_BIT_CONVERSION = YES;
				GCC_WARN_ABOUT_RETURN_TYPE = YES_ERROR;
				GCC_WARN_UNDECLARED_SELECTOR = YES;
				GCC_WARN_UNINITIALIZED_AUTOS = YES_AGGRESSIVE;
				GCC_WARN_UNUSED_FUNCTION = YES;
				GCC_WARN_UNUSED_VARIABLE = YES;
				IPHONEOS_DEPLOYMENT_TARGET = 26.1;
				LOCALIZATION_PREFERS_STRING_CATALOGS = YES;
				MTL_ENABLE_DEBUG_INFO = INCLUDE_SOURCE;
				MTL_FAST_MATH = YES;
				ONLY_ACTIVE_ARCH = YES;
				SDKROOT = iphoneos;
				SWIFT_ACTIVE_COMPILATION_CONDITIONS = "DEBUG $(inherited)";
				SWIFT_OPTIMIZATION_LEVEL = "-Onone";
			};
			name = Debug;
		};
		CE96F0022F913252000CA8EA /* Release */ = {
			isa = XCBuildConfiguration;
			buildSettings = {
				ALWAYS_SEARCH_USER_PATHS = NO;
				ASSETCATALOG_COMPILER_GENERATE_SWIFT_ASSET_SYMBOL_EXTENSIONS = YES;
				CLANG_ANALYZER_NONNULL = YES;
				CLANG_ANALYZER_NUMBER_OBJECT_CONVERSION = YES_AGGRESSIVE;
				CLANG_CXX_LANGUAGE_STANDARD = "gnu++20";
				CLANG_ENABLE_MODULES = YES;
				CLANG_ENABLE_OBJC_ARC = YES;
				CLANG_ENABLE_OBJC_WEAK = YES;
				CLANG_WARN_BLOCK_CAPTURE_AUTORELEASING = YES;
				CLANG_WARN_BOOL_CONVERSION = YES;
				CLANG_WARN_COMMA = YES;
				CLANG_WARN_CONSTANT_CONVERSION = YES;
				CLANG_WARN_DEPRECATED_OBJC_IMPLEMENTATIONS = YES;
				CLANG_WARN_DIRECT_OBJC_ISA_USAGE = YES_ERROR;
				CLANG_WARN_DOCUMENTATION_COMMENTS = YES;
				CLANG_WARN_EMPTY_BODY = YES;
				CLANG_WARN_ENUM_CONVERSION = YES;
				CLANG_WARN_INFINITE_RECURSION = YES;
				CLANG_WARN_INT_CONVERSION = YES;
				CLANG_WARN_NON_LITERAL_NULL_CONVERSION = YES;
				CLANG_WARN_OBJC_IMPLICIT_RETAIN_SELF = YES;
				CLANG_WARN_OBJC_LITERAL_CONVERSION = YES;
				CLANG_WARN_OBJC_ROOT_CLASS = YES_ERROR;
				CLANG_WARN_QUOTED_INCLUDE_IN_FRAMEWORK_HEADER = YES;
				CLANG_WARN_RANGE_LOOP_ANALYSIS = YES;
				CLANG_WARN_STRICT_PROTOTYPES = YES;
				CLANG_WARN_SUSPICIOUS_MOVE = YES;
				CLANG_WARN_UNGUARDED_AVAILABILITY = YES_AGGRESSIVE;
				CLANG_WARN_UNREACHABLE_CODE = YES;
				CLANG_WARN__DUPLICATE_METHOD_MATCH = YES;
				COPY_PHASE_STRIP = NO;
				DEBUG_INFORMATION_FORMAT = "dwarf-with-dsym";
				DEVELOPMENT_TEAM = 29JU3556U2;
				ENABLE_NS_ASSERTIONS = NO;
				ENABLE_STRICT_OBJC_MSGSEND = YES;
				ENABLE_USER_SCRIPT_SANDBOXING = YES;
				GCC_C_LANGUAGE_STANDARD = gnu17;
				GCC_NO_COMMON_BLOCKS = YES;
				GCC_WARN_64_TO_32_BIT_CONVERSION = YES;
				GCC_WARN_ABOUT_RETURN_TYPE = YES_ERROR;
				GCC_WARN_UNDECLARED_SELECTOR = YES;
				GCC_WARN_UNINITIALIZED_AUTOS = YES_AGGRESSIVE;
				GCC_WARN_UNUSED_FUNCTION = YES;
				GCC_WARN_UNUSED_VARIABLE = YES;
				IPHONEOS_DEPLOYMENT_TARGET = 26.1;
				LOCALIZATION_PREFERS_STRING_CATALOGS = YES;
				MTL_ENABLE_DEBUG_INFO = NO;
				MTL_FAST_MATH = YES;
				SDKROOT = iphoneos;
				SWIFT_COMPILATION_MODE = wholemodule;
				VALIDATE_PRODUCT = YES;
			};
			name = Release;
		};
		CE96F0042F913252000CA8EA /* Debug */ = {
			isa = XCBuildConfiguration;
			buildSettings = {
				ASSETCATALOG_COMPILER_APPICON_NAME = AppIcon;
				ASSETCATALOG_COMPILER_GLOBAL_ACCENT_COLOR_NAME = AccentColor;
				CODE_SIGN_ENTITLEMENTS = IOSIntuneApp/IOSIntuneApp.entitlements;
				CODE_SIGN_STYLE = Automatic;
				CURRENT_PROJECT_VERSION = 1;
				DEVELOPMENT_TEAM = 29JU3556U2;
				ENABLE_PREVIEWS = YES;
				GENERATE_INFOPLIST_FILE = NO;
				INFOPLIST_FILE = IOSIntuneApp/Info.plist;
				INFOPLIST_KEY_UIApplicationSceneManifest_Generation = YES;
				INFOPLIST_KEY_UIApplicationSupportsIndirectInputEvents = YES;
				INFOPLIST_KEY_UILaunchScreen_Generation = YES;
				INFOPLIST_KEY_UISupportedInterfaceOrientations_iPad = "UIInterfaceOrientationPortrait UIInterfaceOrientationPortraitUpsideDown UIInterfaceOrientationLandscapeLeft UIInterfaceOrientationLandscapeRight";
				INFOPLIST_KEY_UISupportedInterfaceOrientations_iPhone = "UIInterfaceOrientationPortrait UIInterfaceOrientationLandscapeLeft UIInterfaceOrientationLandscapeRight";
				LD_RUNPATH_SEARCH_PATHS = (
					"$(inherited)",
					"@executable_path/Frameworks",
				);
				MARKETING_VERSION = 1.0;
				PRODUCT_BUNDLE_IDENTIFIER = com.example.iosintuneapp;
				PRODUCT_NAME = "$(TARGET_NAME)";
				STRING_CATALOG_GENERATE_SYMBOLS = YES;
				SWIFT_APPROACHABLE_CONCURRENCY = YES;
				SWIFT_DEFAULT_ACTOR_ISOLATION = MainActor;
				SWIFT_EMIT_LOC_STRINGS = YES;
				SWIFT_UPCOMING_FEATURE_MEMBER_IMPORT_VISIBILITY = YES;
				SWIFT_VERSION = 5.0;
				TARGETED_DEVICE_FAMILY = "1,2";
			};
			name = Debug;
		};
		CE96F0052F913252000CA8EA /* Release */ = {
			isa = XCBuildConfiguration;
			buildSettings = {
				ASSETCATALOG_COMPILER_APPICON_NAME = AppIcon;
				ASSETCATALOG_COMPILER_GLOBAL_ACCENT_COLOR_NAME = AccentColor;
				CODE_SIGN_ENTITLEMENTS = IOSIntuneApp/IOSIntuneApp.entitlements;
				CODE_SIGN_STYLE = Automatic;
				CURRENT_PROJECT_VERSION = 1;
				DEVELOPMENT_TEAM = 29JU3556U2;
				ENABLE_PREVIEWS = YES;
				GENERATE_INFOPLIST_FILE = NO;
				INFOPLIST_FILE = IOSIntuneApp/Info.plist;
				INFOPLIST_KEY_UIApplicationSceneManifest_Generation = YES;
				INFOPLIST_KEY_UIApplicationSupportsIndirectInputEvents = YES;
				INFOPLIST_KEY_UILaunchScreen_Generation = YES;
				INFOPLIST_KEY_UISupportedInterfaceOrientations_iPad = "UIInterfaceOrientationPortrait UIInterfaceOrientationPortraitUpsideDown UIInterfaceOrientationLandscapeLeft UIInterfaceOrientationLandscapeRight";
				INFOPLIST_KEY_UISupportedInterfaceOrientations_iPhone = "UIInterfaceOrientationPortrait UIInterfaceOrientationLandscapeLeft UIInterfaceOrientationLandscapeRight";
				LD_RUNPATH_SEARCH_PATHS = (
					"$(inherited)",
					"@executable_path/Frameworks",
				);
				MARKETING_VERSION = 1.0;
				PRODUCT_BUNDLE_IDENTIFIER = com.example.iosintuneapp;
				PRODUCT_NAME = "$(TARGET_NAME)";
				STRING_CATALOG_GENERATE_SYMBOLS = YES;
				SWIFT_APPROACHABLE_CONCURRENCY = YES;
				SWIFT_DEFAULT_ACTOR_ISOLATION = MainActor;
				SWIFT_EMIT_LOC_STRINGS = YES;
				SWIFT_UPCOMING_FEATURE_MEMBER_IMPORT_VISIBILITY = YES;
				SWIFT_VERSION = 5.0;
				TARGETED_DEVICE_FAMILY = "1,2";
			};
			name = Release;
		};
		CE96F0072F913252000CA8EA /* Debug */ = {
			isa = XCBuildConfiguration;
			buildSettings = {
				BUNDLE_LOADER = "$(TEST_HOST)";
				CODE_SIGN_STYLE = Automatic;
				CURRENT_PROJECT_VERSION = 1;
				DEVELOPMENT_TEAM = 29JU3556U2;
				GENERATE_INFOPLIST_FILE = YES;
				IPHONEOS_DEPLOYMENT_TARGET = 26.1;
				MARKETING_VERSION = 1.0;
				PRODUCT_BUNDLE_IDENTIFIER = com.example.IOSIntuneAppTests;
				PRODUCT_NAME = "$(TARGET_NAME)";
				STRING_CATALOG_GENERATE_SYMBOLS = NO;
				SWIFT_APPROACHABLE_CONCURRENCY = YES;
				SWIFT_EMIT_LOC_STRINGS = NO;
				SWIFT_UPCOMING_FEATURE_MEMBER_IMPORT_VISIBILITY = YES;
				SWIFT_VERSION = 5.0;
				TARGETED_DEVICE_FAMILY = "1,2";
				TEST_HOST = "$(BUILT_PRODUCTS_DIR)/IOSIntuneApp.app/$(BUNDLE_EXECUTABLE_FOLDER_PATH)/IOSIntuneApp";
			};
			name = Debug;
		};
		CE96F0082F913252000CA8EA /* Release */ = {
			isa = XCBuildConfiguration;
			buildSettings = {
				BUNDLE_LOADER = "$(TEST_HOST)";
				CODE_SIGN_STYLE = Automatic;
				CURRENT_PROJECT_VERSION = 1;
				DEVELOPMENT_TEAM = 29JU3556U2;
				GENERATE_INFOPLIST_FILE = YES;
				IPHONEOS_DEPLOYMENT_TARGET = 26.1;
				MARKETING_VERSION = 1.0;
				PRODUCT_BUNDLE_IDENTIFIER = com.example.IOSIntuneAppTests;
				PRODUCT_NAME = "$(TARGET_NAME)";
				STRING_CATALOG_GENERATE_SYMBOLS = NO;
				SWIFT_APPROACHABLE_CONCURRENCY = YES;
				SWIFT_EMIT_LOC_STRINGS = NO;
				SWIFT_UPCOMING_FEATURE_MEMBER_IMPORT_VISIBILITY = YES;
				SWIFT_VERSION = 5.0;
				TARGETED_DEVICE_FAMILY = "1,2";
				TEST_HOST = "$(BUILT_PRODUCTS_DIR)/IOSIntuneApp.app/$(BUNDLE_EXECUTABLE_FOLDER_PATH)/IOSIntuneApp";
			};
			name = Release;
		};
		CE96F00A2F913252000CA8EA /* Debug */ = {
			isa = XCBuildConfiguration;
			buildSettings = {
				CODE_SIGN_STYLE = Automatic;
				CURRENT_PROJECT_VERSION = 1;
				DEVELOPMENT_TEAM = 29JU3556U2;
				GENERATE_INFOPLIST_FILE = YES;
				MARKETING_VERSION = 1.0;
				PRODUCT_BUNDLE_IDENTIFIER = com.example.IOSIntuneAppUITests;
				PRODUCT_NAME = "$(TARGET_NAME)";
				STRING_CATALOG_GENERATE_SYMBOLS = NO;
				SWIFT_APPROACHABLE_CONCURRENCY = YES;
				SWIFT_EMIT_LOC_STRINGS = NO;
				SWIFT_UPCOMING_FEATURE_MEMBER_IMPORT_VISIBILITY = YES;
				SWIFT_VERSION = 5.0;
				TARGETED_DEVICE_FAMILY = "1,2";
				TEST_TARGET_NAME = IOSIntuneApp;
			};
			name = Debug;
		};
		CE96F00B2F913252000CA8EA /* Release */ = {
			isa = XCBuildConfiguration;
			buildSettings = {
				CODE_SIGN_STYLE = Automatic;
				CURRENT_PROJECT_VERSION = 1;
				DEVELOPMENT_TEAM = 29JU3556U2;
				GENERATE_INFOPLIST_FILE = YES;
				MARKETING_VERSION = 1.0;
				PRODUCT_BUNDLE_IDENTIFIER = com.example.IOSIntuneAppUITests;
				PRODUCT_NAME = "$(TARGET_NAME)";
				STRING_CATALOG_GENERATE_SYMBOLS = NO;
				SWIFT_APPROACHABLE_CONCURRENCY = YES;
				SWIFT_EMIT_LOC_STRINGS = NO;
				SWIFT_UPCOMING_FEATURE_MEMBER_IMPORT_VISIBILITY = YES;
				SWIFT_VERSION = 5.0;
				TARGETED_DEVICE_FAMILY = "1,2";
				TEST_TARGET_NAME = IOSIntuneApp;
			};
			name = Release;
		};
/* End XCBuildConfiguration section */

/* Begin XCConfigurationList section */
		CE96EFDD2F913251000CA8EA /* Build configuration list for PBXProject "IOSIntuneApp" */ = {
			isa = XCConfigurationList;
			buildConfigurations = (
				CE96F0012F913252000CA8EA /* Debug */,
				CE96F0022F913252000CA8EA /* Release */,
			);
			defaultConfigurationIsVisible = 0;
			defaultConfigurationName = Release;
		};
		CE96F0032F913252000CA8EA /* Build configuration list for PBXNativeTarget "IOSIntuneApp" */ = {
			isa = XCConfigurationList;
			buildConfigurations = (
				CE96F0042F913252000CA8EA /* Debug */,
				CE96F0052F913252000CA8EA /* Release */,
			);
			defaultConfigurationIsVisible = 0;
			defaultConfigurationName = Release;
		};
		CE96F0062F913252000CA8EA /* Build configuration list for PBXNativeTarget "IOSIntuneAppTests" */ = {
			isa = XCConfigurationList;
			buildConfigurations = (
				CE96F0072F913252000CA8EA /* Debug */,
				CE96F0082F913252000CA8EA /* Release */,
			);
			defaultConfigurationIsVisible = 0;
			defaultConfigurationName = Release;
		};
		CE96F0092F913252000CA8EA /* Build configuration list for PBXNativeTarget "IOSIntuneAppUITests" */ = {
			isa = XCConfigurationList;
			buildConfigurations = (
				CE96F00A2F913252000CA8EA /* Debug */,
				CE96F00B2F913252000CA8EA /* Release */,
			);
			defaultConfigurationIsVisible = 0;
			defaultConfigurationName = Release;
		};
/* End XCConfigurationList section */

/* Begin XCRemoteSwiftPackageReference section */
		CE96F0102F91330D000CA8EA /* XCRemoteSwiftPackageReference "microsoft-authentication-library-for-objc" */ = {
			isa = XCRemoteSwiftPackageReference;
			repositoryURL = "https://github.com/AzureAD/microsoft-authentication-library-for-objc";
			requirement = {
				kind = upToNextMajorVersion;
				minimumVersion = 2.10.0;
			};
		};
		CE96F0132F91331C000CA8EA /* XCRemoteSwiftPackageReference "ms-intune-app-sdk-ios" */ = {
			isa = XCRemoteSwiftPackageReference;
			repositoryURL = "https://github.com/microsoftconnect/ms-intune-app-sdk-ios";
			requirement = {
				kind = upToNextMajorVersion;
				minimumVersion = 21.5.1;
			};
		};
/* End XCRemoteSwiftPackageReference section */

/* Begin XCSwiftPackageProductDependency section */
		CE96F0112F91330D000CA8EA /* MSAL */ = {
			isa = XCSwiftPackageProductDependency;
			package = CE96F0102F91330D000CA8EA /* XCRemoteSwiftPackageReference "microsoft-authentication-library-for-objc" */;
			productName = MSAL;
		};
		CE96F0142F91331C000CA8EA /* IntuneMAMSwift */ = {
			isa = XCSwiftPackageProductDependency;
			package = CE96F0132F91331C000CA8EA /* XCRemoteSwiftPackageReference "ms-intune-app-sdk-ios" */;
			productName = IntuneMAMSwift;
		};
/* End XCSwiftPackageProductDependency section */
	};
	rootObject = CE96EFDA2F913251000CA8EA /* Project object */;
}
